// !$*UTF8*$!
{
	archiveVersion = 1;
	classes = {
	};
	objectVersion = 56;
	objects = {

/* Begin PBXBuildFile section */
		213218362B7BC15F0027E828 /* AppDelegate.swift in Sources */ = {isa = PBXBuildFile; fileRef = 213218352B7BC15F0027E828 /* AppDelegate.swift */; };
		213218382B7BC15F0027E828 /* SceneDelegate.swift in Sources */ = {isa = PBXBuildFile; fileRef = 213218372B7BC15F0027E828 /* SceneDelegate.swift */; };
		2132183A2B7BC15F0027E828 /* OnboardingViewController.swift in Sources */ = {isa = PBXBuildFile; fileRef = 213218392B7BC15F0027E828 /* OnboardingViewController.swift */; };
		2132183F2B7BC1610027E828 /* Assets.xcassets in Resources */ = {isa = PBXBuildFile; fileRef = 2132183E2B7BC1610027E828 /* Assets.xcassets */; };
		213218422B7BC1610027E828 /* LaunchScreen.storyboard in Resources */ = {isa = PBXBuildFile; fileRef = 213218402B7BC1610027E828 /* LaunchScreen.storyboard */; };
		213218532B7BEC550027E828 /* NetworkLayer.swift in Sources */ = {isa = PBXBuildFile; fileRef = 213218522B7BEC550027E828 /* NetworkLayer.swift */; };
		2132185E2B7CF5550027E828 /* ReuseIdentifying.swift in Sources */ = {isa = PBXBuildFile; fileRef = 2132185D2B7CF5550027E828 /* ReuseIdentifying.swift */; };
		213218602B7CF5880027E828 /* AppCoordinator.swift in Sources */ = {isa = PBXBuildFile; fileRef = 2132185F2B7CF5880027E828 /* AppCoordinator.swift */; };
		213218622B7CFE950027E828 /* OnboardingViewModel .swift in Sources */ = {isa = PBXBuildFile; fileRef = 213218612B7CFE950027E828 /* OnboardingViewModel .swift */; };
		218BF6322B7DF35600D33E3B /* MainViewController.swift in Sources */ = {isa = PBXBuildFile; fileRef = 218BF6312B7DF35600D33E3B /* MainViewController.swift */; };
		218BF6342B7DF36800D33E3B /* MainViewModel.swift in Sources */ = {isa = PBXBuildFile; fileRef = 218BF6332B7DF36800D33E3B /* MainViewModel.swift */; };
		218BF6402B7E163400D33E3B /* SF-Pro-Display-Black.otf in Resources */ = {isa = PBXBuildFile; fileRef = 218BF63F2B7E163400D33E3B /* SF-Pro-Display-Black.otf */; };
		218BF6442B7E189700D33E3B /* ToursCategoryModel.swift in Sources */ = {isa = PBXBuildFile; fileRef = 218BF6432B7E189700D33E3B /* ToursCategoryModel.swift */; };
		218BF6472B7E1A5C00D33E3B /* ToursCategoryCollectionViewCell.swift in Sources */ = {isa = PBXBuildFile; fileRef = 218BF6462B7E1A5C00D33E3B /* ToursCategoryCollectionViewCell.swift */; };
		218BF6492B7F341000D33E3B /* TourModel.swift in Sources */ = {isa = PBXBuildFile; fileRef = 218BF6482B7F341000D33E3B /* TourModel.swift */; };
		218BF64B2B7F358E00D33E3B /* TourCollectionViewCell.swift in Sources */ = {isa = PBXBuildFile; fileRef = 218BF64A2B7F358E00D33E3B /* TourCollectionViewCell.swift */; };
		218BF6502B80916600D33E3B /* RecommendedToursCollectionCell.swift in Sources */ = {isa = PBXBuildFile; fileRef = 218BF64F2B80916600D33E3B /* RecommendedToursCollectionCell.swift */; };
		218BF6522B83E10700D33E3B /* TestingMainViewController.swift in Sources */ = {isa = PBXBuildFile; fileRef = 218BF6512B83E10700D33E3B /* TestingMainViewController.swift */; };
		218BF6542B83E11E00D33E3B /* TestingMainViewModel .swift in Sources */ = {isa = PBXBuildFile; fileRef = 218BF6532B83E11E00D33E3B /* TestingMainViewModel .swift */; };
		218BF6572B83E86200D33E3B /* HeaderView.swift in Sources */ = {isa = PBXBuildFile; fileRef = 218BF6562B83E86200D33E3B /* HeaderView.swift */; };
		2D547127E8986A18B4623053 /* Pods_NeoTour.framework in Frameworks */ = {isa = PBXBuildFile; fileRef = F5EC365AACF0F571031CF9F9 /* Pods_NeoTour.framework */; };
/* End PBXBuildFile section */

/* Begin PBXFileReference section */
		213218322B7BC15F0027E828 /* NeoTour.app */ = {isa = PBXFileReference; explicitFileType = wrapper.application; includeInIndex = 0; path = NeoTour.app; sourceTree = BUILT_PRODUCTS_DIR; };
		213218352B7BC15F0027E828 /* AppDelegate.swift */ = {isa = PBXFileReference; lastKnownFileType = sourcecode.swift; path = AppDelegate.swift; sourceTree = "<group>"; };
		213218372B7BC15F0027E828 /* SceneDelegate.swift */ = {isa = PBXFileReference; lastKnownFileType = sourcecode.swift; path = SceneDelegate.swift; sourceTree = "<group>"; };
		213218392B7BC15F0027E828 /* OnboardingViewController.swift */ = {isa = PBXFileReference; lastKnownFileType = sourcecode.swift; path = OnboardingViewController.swift; sourceTree = "<group>"; };
		2132183E2B7BC1610027E828 /* Assets.xcassets */ = {isa = PBXFileReference; lastKnownFileType = folder.assetcatalog; path = Assets.xcassets; sourceTree = "<group>"; };
		213218412B7BC1610027E828 /* Base */ = {isa = PBXFileReference; lastKnownFileType = file.storyboard; name = Base; path = Base.lproj/LaunchScreen.storyboard; sourceTree = "<group>"; };
		213218432B7BC1610027E828 /* Info.plist */ = {isa = PBXFileReference; lastKnownFileType = text.plist.xml; path = Info.plist; sourceTree = "<group>"; };
		213218522B7BEC550027E828 /* NetworkLayer.swift */ = {isa = PBXFileReference; lastKnownFileType = sourcecode.swift; path = NetworkLayer.swift; sourceTree = "<group>"; };
		2132185D2B7CF5550027E828 /* ReuseIdentifying.swift */ = {isa = PBXFileReference; lastKnownFileType = sourcecode.swift; path = ReuseIdentifying.swift; sourceTree = "<group>"; };
		2132185F2B7CF5880027E828 /* AppCoordinator.swift */ = {isa = PBXFileReference; lastKnownFileType = sourcecode.swift; path = AppCoordinator.swift; sourceTree = "<group>"; };
		213218612B7CFE950027E828 /* OnboardingViewModel .swift */ = {isa = PBXFileReference; lastKnownFileType = sourcecode.swift; path = "OnboardingViewModel .swift"; sourceTree = "<group>"; };
		218BF6312B7DF35600D33E3B /* MainViewController.swift */ = {isa = PBXFileReference; lastKnownFileType = sourcecode.swift; path = MainViewController.swift; sourceTree = "<group>"; };
		218BF6332B7DF36800D33E3B /* MainViewModel.swift */ = {isa = PBXFileReference; lastKnownFileType = sourcecode.swift; path = MainViewModel.swift; sourceTree = "<group>"; };
		218BF63F2B7E163400D33E3B /* SF-Pro-Display-Black.otf */ = {isa = PBXFileReference; lastKnownFileType = file; path = "SF-Pro-Display-Black.otf"; sourceTree = "<group>"; };
		218BF6432B7E189700D33E3B /* ToursCategoryModel.swift */ = {isa = PBXFileReference; lastKnownFileType = sourcecode.swift; path = ToursCategoryModel.swift; sourceTree = "<group>"; };
		218BF6462B7E1A5C00D33E3B /* ToursCategoryCollectionViewCell.swift */ = {isa = PBXFileReference; lastKnownFileType = sourcecode.swift; path = ToursCategoryCollectionViewCell.swift; sourceTree = "<group>"; };
		218BF6482B7F341000D33E3B /* TourModel.swift */ = {isa = PBXFileReference; lastKnownFileType = sourcecode.swift; path = TourModel.swift; sourceTree = "<group>"; };
		218BF64A2B7F358E00D33E3B /* TourCollectionViewCell.swift */ = {isa = PBXFileReference; lastKnownFileType = sourcecode.swift; path = TourCollectionViewCell.swift; sourceTree = "<group>"; };
		218BF64F2B80916600D33E3B /* RecommendedToursCollectionCell.swift */ = {isa = PBXFileReference; lastKnownFileType = sourcecode.swift; path = RecommendedToursCollectionCell.swift; sourceTree = "<group>"; };
		218BF6512B83E10700D33E3B /* TestingMainViewController.swift */ = {isa = PBXFileReference; lastKnownFileType = sourcecode.swift; path = TestingMainViewController.swift; sourceTree = "<group>"; };
		218BF6532B83E11E00D33E3B /* TestingMainViewModel .swift */ = {isa = PBXFileReference; lastKnownFileType = sourcecode.swift; path = "TestingMainViewModel .swift"; sourceTree = "<group>"; };
		218BF6562B83E86200D33E3B /* HeaderView.swift */ = {isa = PBXFileReference; lastKnownFileType = sourcecode.swift; path = HeaderView.swift; sourceTree = "<group>"; };
		4F11135C3603ACB980474C47 /* Pods-NeoTour.debug.xcconfig */ = {isa = PBXFileReference; includeInIndex = 1; lastKnownFileType = text.xcconfig; name = "Pods-NeoTour.debug.xcconfig"; path = "Target Support Files/Pods-NeoTour/Pods-NeoTour.debug.xcconfig"; sourceTree = "<group>"; };
		D11763E5D97D13189F67E7A7 /* Pods-NeoTour.release.xcconfig */ = {isa = PBXFileReference; includeInIndex = 1; lastKnownFileType = text.xcconfig; name = "Pods-NeoTour.release.xcconfig"; path = "Target Support Files/Pods-NeoTour/Pods-NeoTour.release.xcconfig"; sourceTree = "<group>"; };
		F5EC365AACF0F571031CF9F9 /* Pods_NeoTour.framework */ = {isa = PBXFileReference; explicitFileType = wrapper.framework; includeInIndex = 0; path = Pods_NeoTour.framework; sourceTree = BUILT_PRODUCTS_DIR; };
/* End PBXFileReference section */

/* Begin PBXFrameworksBuildPhase section */
		2132182F2B7BC15F0027E828 /* Frameworks */ = {
			isa = PBXFrameworksBuildPhase;
			buildActionMask = 2147483647;
			files = (
				2D547127E8986A18B4623053 /* Pods_NeoTour.framework in Frameworks */,
			);
			runOnlyForDeploymentPostprocessing = 0;
		};
/* End PBXFrameworksBuildPhase section */

/* Begin PBXGroup section */
		213218292B7BC15F0027E828 = {
			isa = PBXGroup;
			children = (
				213218342B7BC15F0027E828 /* NeoTour */,
				213218332B7BC15F0027E828 /* Products */,
				D0E61BBB73E9A9D7AC539A7C /* Pods */,
				D39DF9E21172B6CDE2AB13C5 /* Frameworks */,
			);
			sourceTree = "<group>";
		};
		213218332B7BC15F0027E828 /* Products */ = {
			isa = PBXGroup;
			children = (
				213218322B7BC15F0027E828 /* NeoTour.app */,
			);
			name = Products;
			sourceTree = "<group>";
		};
		213218342B7BC15F0027E828 /* NeoTour */ = {
			isa = PBXGroup;
			children = (
				2132185B2B7CF5240027E828 /* Common  */,
				2132184A2B7BDD1E0027E828 /* Application */,
				2132184B2B7BDD3D0027E828 /* Model */,
				2132184C2B7BDD680027E828 /* Modules */,
				213218502B7BDDCA0027E828 /* Resources */,
			);
			path = NeoTour;
			sourceTree = "<group>";
		};
		2132184A2B7BDD1E0027E828 /* Application */ = {
			isa = PBXGroup;
			children = (
				213218352B7BC15F0027E828 /* AppDelegate.swift */,
				213218372B7BC15F0027E828 /* SceneDelegate.swift */,
				2132185F2B7CF5880027E828 /* AppCoordinator.swift */,
			);
			path = Application;
			sourceTree = "<group>";
		};
		2132184B2B7BDD3D0027E828 /* Model */ = {
			isa = PBXGroup;
			children = (
				218BF6412B7E186600D33E3B /* LocalData */,
				213218542B7BEC5C0027E828 /* NetworkLayer */,
				213218512B7BDE190027E828 /* DTOs */,
			);
			path = Model;
			sourceTree = "<group>";
		};
		2132184C2B7BDD680027E828 /* Modules */ = {
			isa = PBXGroup;
			children = (
				213218582B7BFDB70027E828 /* PlaceWorkFlow */,
				213218552B7BFD810027E828 /* MainWorkFlow */,
				2132184D2B7BDD9F0027E828 /* OnboardingWorkFlow */,
				218BF6512B83E10700D33E3B /* TestingMainViewController.swift */,
				218BF6532B83E11E00D33E3B /* TestingMainViewModel .swift */,
			);
			path = Modules;
			sourceTree = "<group>";
		};
		2132184D2B7BDD9F0027E828 /* OnboardingWorkFlow */ = {
			isa = PBXGroup;
			children = (
				2132184F2B7BDDB40027E828 /* ViewModel */,
				2132184E2B7BDDB00027E828 /* View */,
			);
			path = OnboardingWorkFlow;
			sourceTree = "<group>";
		};
		2132184E2B7BDDB00027E828 /* View */ = {
			isa = PBXGroup;
			children = (
				213218392B7BC15F0027E828 /* OnboardingViewController.swift */,
			);
			path = View;
			sourceTree = "<group>";
		};
		2132184F2B7BDDB40027E828 /* ViewModel */ = {
			isa = PBXGroup;
			children = (
				213218612B7CFE950027E828 /* OnboardingViewModel .swift */,
			);
			path = ViewModel;
			sourceTree = "<group>";
		};
		213218502B7BDDCA0027E828 /* Resources */ = {
			isa = PBXGroup;
			children = (
				2132183E2B7BC1610027E828 /* Assets.xcassets */,
				213218402B7BC1610027E828 /* LaunchScreen.storyboard */,
				213218432B7BC1610027E828 /* Info.plist */,
			);
			path = Resources;
			sourceTree = "<group>";
		};
		213218512B7BDE190027E828 /* DTOs */ = {
			isa = PBXGroup;
			children = (
			);
			path = DTOs;
			sourceTree = "<group>";
		};
		213218542B7BEC5C0027E828 /* NetworkLayer */ = {
			isa = PBXGroup;
			children = (
				213218522B7BEC550027E828 /* NetworkLayer.swift */,
			);
			path = NetworkLayer;
			sourceTree = "<group>";
		};
		213218552B7BFD810027E828 /* MainWorkFlow */ = {
			isa = PBXGroup;
			children = (
				218BF6452B7E1A3900D33E3B /* UIComponents */,
				213218572B7BFD9C0027E828 /* ViewModel */,
				213218562B7BFD930027E828 /* View */,
			);
			path = MainWorkFlow;
			sourceTree = "<group>";
		};
		213218562B7BFD930027E828 /* View */ = {
			isa = PBXGroup;
			children = (
				218BF6312B7DF35600D33E3B /* MainViewController.swift */,
			);
			path = View;
			sourceTree = "<group>";
		};
		213218572B7BFD9C0027E828 /* ViewModel */ = {
			isa = PBXGroup;
			children = (
				218BF6332B7DF36800D33E3B /* MainViewModel.swift */,
			);
			path = ViewModel;
			sourceTree = "<group>";
		};
		213218582B7BFDB70027E828 /* PlaceWorkFlow */ = {
			isa = PBXGroup;
			children = (
				2132185A2B7BFDCD0027E828 /* ViewModel */,
				213218592B7BFDC90027E828 /* View */,
			);
			path = PlaceWorkFlow;
			sourceTree = "<group>";
		};
		213218592B7BFDC90027E828 /* View */ = {
			isa = PBXGroup;
			children = (
			);
			path = View;
			sourceTree = "<group>";
		};
		2132185A2B7BFDCD0027E828 /* ViewModel */ = {
			isa = PBXGroup;
			children = (
			);
			path = ViewModel;
			sourceTree = "<group>";
		};
		2132185B2B7CF5240027E828 /* Common  */ = {
			isa = PBXGroup;
			children = (
				218BF6382B7E125B00D33E3B /* Fonts */,
				2132185C2B7CF5410027E828 /* Extensions */,
			);
			path = "Common ";
			sourceTree = "<group>";
		};
		2132185C2B7CF5410027E828 /* Extensions */ = {
			isa = PBXGroup;
			children = (
				2132185D2B7CF5550027E828 /* ReuseIdentifying.swift */,
			);
			path = Extensions;
			sourceTree = "<group>";
		};
		218BF6382B7E125B00D33E3B /* Fonts */ = {
			isa = PBXGroup;
			children = (
				218BF63F2B7E163400D33E3B /* SF-Pro-Display-Black.otf */,
			);
			path = Fonts;
			sourceTree = "<group>";
		};
		218BF6412B7E186600D33E3B /* LocalData */ = {
			isa = PBXGroup;
			children = (
				218BF6432B7E189700D33E3B /* ToursCategoryModel.swift */,
				218BF6482B7F341000D33E3B /* TourModel.swift */,
			);
			path = LocalData;
			sourceTree = "<group>";
		};
		218BF6452B7E1A3900D33E3B /* UIComponents */ = {
			isa = PBXGroup;
			children = (
				218BF64E2B80911B00D33E3B /* RecommendedToursCell */,
				218BF64D2B7F359E00D33E3B /* ToursCell */,
				218BF64C2B7F359300D33E3B /* TourCategoryCell */,
				218BF6562B83E86200D33E3B /* HeaderView.swift */,
			);
			path = UIComponents;
			sourceTree = "<group>";
		};
		218BF64C2B7F359300D33E3B /* TourCategoryCell */ = {
			isa = PBXGroup;
			children = (
				218BF6462B7E1A5C00D33E3B /* ToursCategoryCollectionViewCell.swift */,
			);
			path = TourCategoryCell;
			sourceTree = "<group>";
		};
		218BF64D2B7F359E00D33E3B /* ToursCell */ = {
			isa = PBXGroup;
			children = (
				218BF64A2B7F358E00D33E3B /* TourCollectionViewCell.swift */,
			);
			path = ToursCell;
			sourceTree = "<group>";
		};
		218BF64E2B80911B00D33E3B /* RecommendedToursCell */ = {
			isa = PBXGroup;
			children = (
				218BF64F2B80916600D33E3B /* RecommendedToursCollectionCell.swift */,
			);
			path = RecommendedToursCell;
			sourceTree = "<group>";
		};
		D0E61BBB73E9A9D7AC539A7C /* Pods */ = {
			isa = PBXGroup;
			children = (
				4F11135C3603ACB980474C47 /* Pods-NeoTour.debug.xcconfig */,
				D11763E5D97D13189F67E7A7 /* Pods-NeoTour.release.xcconfig */,
			);
			path = Pods;
			sourceTree = "<group>";
		};
		D39DF9E21172B6CDE2AB13C5 /* Frameworks */ = {
			isa = PBXGroup;
			children = (
				F5EC365AACF0F571031CF9F9 /* Pods_NeoTour.framework */,
			);
			name = Frameworks;
			sourceTree = "<group>";
		};
/* End PBXGroup section */

/* Begin PBXNativeTarget section */
		213218312B7BC15F0027E828 /* NeoTour */ = {
			isa = PBXNativeTarget;
			buildConfigurationList = 213218462B7BC1610027E828 /* Build configuration list for PBXNativeTarget "NeoTour" */;
			buildPhases = (
				318267363380F2747C991BFC /* [CP] Check Pods Manifest.lock */,
				2132182E2B7BC15F0027E828 /* Sources */,
				2132182F2B7BC15F0027E828 /* Frameworks */,
				213218302B7BC15F0027E828 /* Resources */,
				C6741F79FEF5911FF999C042 /* [CP] Embed Pods Frameworks */,
			);
			buildRules = (
			);
			dependencies = (
			);
			name = NeoTour;
			productName = NeoTour;
			productReference = 213218322B7BC15F0027E828 /* NeoTour.app */;
			productType = "com.apple.product-type.application";
		};
/* End PBXNativeTarget section */

/* Begin PBXProject section */
		2132182A2B7BC15F0027E828 /* Project object */ = {
			isa = PBXProject;
			attributes = {
				BuildIndependentTargetsInParallel = 1;
				LastSwiftUpdateCheck = 1520;
				LastUpgradeCheck = 1520;
				TargetAttributes = {
					213218312B7BC15F0027E828 = {
						CreatedOnToolsVersion = 15.2;
					};
				};
			};
			buildConfigurationList = 2132182D2B7BC15F0027E828 /* Build configuration list for PBXProject "NeoTour" */;
			compatibilityVersion = "Xcode 14.0";
			developmentRegion = en;
			hasScannedForEncodings = 0;
			knownRegions = (
				en,
				Base,
			);
			mainGroup = 213218292B7BC15F0027E828;
			productRefGroup = 213218332B7BC15F0027E828 /* Products */;
			projectDirPath = "";
			projectRoot = "";
			targets = (
				213218312B7BC15F0027E828 /* NeoTour */,
			);
		};
/* End PBXProject section */

/* Begin PBXResourcesBuildPhase section */
		213218302B7BC15F0027E828 /* Resources */ = {
			isa = PBXResourcesBuildPhase;
			buildActionMask = 2147483647;
			files = (
				213218422B7BC1610027E828 /* LaunchScreen.storyboard in Resources */,
				2132183F2B7BC1610027E828 /* Assets.xcassets in Resources */,
				218BF6402B7E163400D33E3B /* SF-Pro-Display-Black.otf in Resources */,
			);
			runOnlyForDeploymentPostprocessing = 0;
		};
/* End PBXResourcesBuildPhase section */

/* Begin PBXShellScriptBuildPhase section */
		318267363380F2747C991BFC /* [CP] Check Pods Manifest.lock */ = {
			isa = PBXShellScriptBuildPhase;
			buildActionMask = 2147483647;
			files = (
			);
			inputFileListPaths = (
			);
			inputPaths = (
				"${PODS_PODFILE_DIR_PATH}/Podfile.lock",
				"${PODS_ROOT}/Manifest.lock",
			);
			name = "[CP] Check Pods Manifest.lock";
			outputFileListPaths = (
			);
			outputPaths = (
				"$(DERIVED_FILE_DIR)/Pods-NeoTour-checkManifestLockResult.txt",
			);
			runOnlyForDeploymentPostprocessing = 0;
			shellPath = /bin/sh;
			shellScript = "diff \"${PODS_PODFILE_DIR_PATH}/Podfile.lock\" \"${PODS_ROOT}/Manifest.lock\" > /dev/null\nif [ $? != 0 ] ; then\n    # print error to STDERR\n    echo \"error: The sandbox is not in sync with the Podfile.lock. Run 'pod install' or update your CocoaPods installation.\" >&2\n    exit 1\nfi\n# This output is used by Xcode 'outputs' to avoid re-running this script phase.\necho \"SUCCESS\" > \"${SCRIPT_OUTPUT_FILE_0}\"\n";
			showEnvVarsInLog = 0;
		};
		C6741F79FEF5911FF999C042 /* [CP] Embed Pods Frameworks */ = {
			isa = PBXShellScriptBuildPhase;
			buildActionMask = 2147483647;
			files = (
			);
			inputFileListPaths = (
				"${PODS_ROOT}/Target Support Files/Pods-NeoTour/Pods-NeoTour-frameworks-${CONFIGURATION}-input-files.xcfilelist",
			);
			name = "[CP] Embed Pods Frameworks";
			outputFileListPaths = (
				"${PODS_ROOT}/Target Support Files/Pods-NeoTour/Pods-NeoTour-frameworks-${CONFIGURATION}-output-files.xcfilelist",
			);
			runOnlyForDeploymentPostprocessing = 0;
			shellPath = /bin/sh;
			shellScript = "\"${PODS_ROOT}/Target Support Files/Pods-NeoTour/Pods-NeoTour-frameworks.sh\"\n";
			showEnvVarsInLog = 0;
		};
/* End PBXShellScriptBuildPhase section */

/* Begin PBXSourcesBuildPhase section */
		2132182E2B7BC15F0027E828 /* Sources */ = {
			isa = PBXSourcesBuildPhase;
			buildActionMask = 2147483647;
			files = (
				213218602B7CF5880027E828 /* AppCoordinator.swift in Sources */,
				218BF6492B7F341000D33E3B /* TourModel.swift in Sources */,
				218BF6442B7E189700D33E3B /* ToursCategoryModel.swift in Sources */,
				218BF64B2B7F358E00D33E3B /* TourCollectionViewCell.swift in Sources */,
				213218532B7BEC550027E828 /* NetworkLayer.swift in Sources */,
				218BF6542B83E11E00D33E3B /* TestingMainViewModel .swift in Sources */,
				218BF6572B83E86200D33E3B /* HeaderView.swift in Sources */,
				2132183A2B7BC15F0027E828 /* OnboardingViewController.swift in Sources */,
				213218362B7BC15F0027E828 /* AppDelegate.swift in Sources */,
				213218382B7BC15F0027E828 /* SceneDelegate.swift in Sources */,
				218BF6472B7E1A5C00D33E3B /* ToursCategoryCollectionViewCell.swift in Sources */,
				213218622B7CFE950027E828 /* OnboardingViewModel .swift in Sources */,
				2132185E2B7CF5550027E828 /* ReuseIdentifying.swift in Sources */,
				218BF6522B83E10700D33E3B /* TestingMainViewController.swift in Sources */,
				218BF6322B7DF35600D33E3B /* MainViewController.swift in Sources */,
				218BF6342B7DF36800D33E3B /* MainViewModel.swift in Sources */,
				218BF6502B80916600D33E3B /* RecommendedToursCollectionCell.swift in Sources */,
			);
			runOnlyForDeploymentPostprocessing = 0;
		};
/* End PBXSourcesBuildPhase section */

/* Begin PBXVariantGroup section */
		213218402B7BC1610027E828 /* LaunchScreen.storyboard */ = {
			isa = PBXVariantGroup;
			children = (
				213218412B7BC1610027E828 /* Base */,
			);
			name = LaunchScreen.storyboard;
			sourceTree = "<group>";
		};
/* End PBXVariantGroup section */

/* Begin XCBuildConfiguration section */
		213218442B7BC1610027E828 /* Debug */ = {
			isa = XCBuildConfiguration;
			buildSettings = {
				ALWAYS_SEARCH_USER_PATHS = NO;
				ASSETCATALOG_COMPILER_GENERATE_SWIFT_ASSET_SYMBOL_EXTENSIONS = YES;
				CLANG_ANALYZER_NONNULL = YES;
				CLANG_ANALYZER_NUMBER_OBJECT_CONVERSION = YES_AGGRESSIVE;
				CLANG_CXX_LANGUAGE_STANDARD = "gnu++20";
				CLANG_ENABLE_MODULES = YES;
				CLANG_ENABLE_OBJC_ARC = YES;
				CLANG_ENABLE_OBJC_WEAK = YES;
				CLANG_WARN_BLOCK_CAPTURE_AUTORELEASING = YES;
				CLANG_WARN_BOOL_CONVERSION = YES;
				CLANG_WARN_COMMA = YES;
				CLANG_WARN_CONSTANT_CONVERSION = YES;
				CLANG_WARN_DEPRECATED_OBJC_IMPLEMENTATIONS = YES;
				CLANG_WARN_DIRECT_OBJC_ISA_USAGE = YES_ERROR;
				CLANG_WARN_DOCUMENTATION_COMMENTS = YES;
				CLANG_WARN_EMPTY_BODY = YES;
				CLANG_WARN_ENUM_CONVERSION = YES;
				CLANG_WARN_INFINITE_RECURSION = YES;
				CLANG_WARN_INT_CONVERSION = YES;
				CLANG_WARN_NON_LITERAL_NULL_CONVERSION = YES;
				CLANG_WARN_OBJC_IMPLICIT_RETAIN_SELF = YES;
				CLANG_WARN_OBJC_LITERAL_CONVERSION = YES;
				CLANG_WARN_OBJC_ROOT_CLASS = YES_ERROR;
				CLANG_WARN_QUOTED_INCLUDE_IN_FRAMEWORK_HEADER = YES;
				CLANG_WARN_RANGE_LOOP_ANALYSIS = YES;
				CLANG_WARN_STRICT_PROTOTYPES = YES;
				CLANG_WARN_SUSPICIOUS_MOVE = YES;
				CLANG_WARN_UNGUARDED_AVAILABILITY = YES_AGGRESSIVE;
				CLANG_WARN_UNREACHABLE_CODE = YES;
				CLANG_WARN__DUPLICATE_METHOD_MATCH = YES;
				COPY_PHASE_STRIP = NO;
				DEBUG_INFORMATION_FORMAT = dwarf;
				ENABLE_STRICT_OBJC_MSGSEND = YES;
				ENABLE_TESTABILITY = YES;
				ENABLE_USER_SCRIPT_SANDBOXING = YES;
				GCC_C_LANGUAGE_STANDARD = gnu17;
				GCC_DYNAMIC_NO_PIC = NO;
				GCC_NO_COMMON_BLOCKS = YES;
				GCC_OPTIMIZATION_LEVEL = 0;
				GCC_PREPROCESSOR_DEFINITIONS = (
					"DEBUG=1",
					"$(inherited)",
				);
				GCC_WARN_64_TO_32_BIT_CONVERSION = YES;
				GCC_WARN_ABOUT_RETURN_TYPE = YES_ERROR;
				GCC_WARN_UNDECLARED_SELECTOR = YES;
				GCC_WARN_UNINITIALIZED_AUTOS = YES_AGGRESSIVE;
				GCC_WARN_UNUSED_FUNCTION = YES;
				GCC_WARN_UNUSED_VARIABLE = YES;
				IPHONEOS_DEPLOYMENT_TARGET = 17.2;
				LOCALIZATION_PREFERS_STRING_CATALOGS = YES;
				MTL_ENABLE_DEBUG_INFO = INCLUDE_SOURCE;
				MTL_FAST_MATH = YES;
				ONLY_ACTIVE_ARCH = YES;
				SDKROOT = iphoneos;
				SWIFT_ACTIVE_COMPILATION_CONDITIONS = "DEBUG $(inherited)";
				SWIFT_OPTIMIZATION_LEVEL = "-Onone";
			};
			name = Debug;
		};
		213218452B7BC1610027E828 /* Release */ = {
			isa = XCBuildConfiguration;
			buildSettings = {
				ALWAYS_SEARCH_USER_PATHS = NO;
				ASSETCATALOG_COMPILER_GENERATE_SWIFT_ASSET_SYMBOL_EXTENSIONS = YES;
				CLANG_ANALYZER_NONNULL = YES;
				CLANG_ANALYZER_NUMBER_OBJECT_CONVERSION = YES_AGGRESSIVE;
				CLANG_CXX_LANGUAGE_STANDARD = "gnu++20";
				CLANG_ENABLE_MODULES = YES;
				CLANG_ENABLE_OBJC_ARC = YES;
				CLANG_ENABLE_OBJC_WEAK = YES;
				CLANG_WARN_BLOCK_CAPTURE_AUTORELEASING = YES;
				CLANG_WARN_BOOL_CONVERSION = YES;
				CLANG_WARN_COMMA = YES;
				CLANG_WARN_CONSTANT_CONVERSION = YES;
				CLANG_WARN_DEPRECATED_OBJC_IMPLEMENTATIONS = YES;
				CLANG_WARN_DIRECT_OBJC_ISA_USAGE = YES_ERROR;
				CLANG_WARN_DOCUMENTATION_COMMENTS = YES;
				CLANG_WARN_EMPTY_BODY = YES;
				CLANG_WARN_ENUM_CONVERSION = YES;
				CLANG_WARN_INFINITE_RECURSION = YES;
				CLANG_WARN_INT_CONVERSION = YES;
				CLANG_WARN_NON_LITERAL_NULL_CONVERSION = YES;
				CLANG_WARN_OBJC_IMPLICIT_RETAIN_SELF = YES;
				CLANG_WARN_OBJC_LITERAL_CONVERSION = YES;
				CLANG_WARN_OBJC_ROOT_CLASS = YES_ERROR;
				CLANG_WARN_QUOTED_INCLUDE_IN_FRAMEWORK_HEADER = YES;
				CLANG_WARN_RANGE_LOOP_ANALYSIS = YES;
				CLANG_WARN_STRICT_PROTOTYPES = YES;
				CLANG_WARN_SUSPICIOUS_MOVE = YES;
				CLANG_WARN_UNGUARDED_AVAILABILITY = YES_AGGRESSIVE;
				CLANG_WARN_UNREACHABLE_CODE = YES;
				CLANG_WARN__DUPLICATE_METHOD_MATCH = YES;
				COPY_PHASE_STRIP = NO;
				DEBUG_INFORMATION_FORMAT = "dwarf-with-dsym";
				ENABLE_NS_ASSERTIONS = NO;
				ENABLE_STRICT_OBJC_MSGSEND = YES;
				ENABLE_USER_SCRIPT_SANDBOXING = YES;
				GCC_C_LANGUAGE_STANDARD = gnu17;
				GCC_NO_COMMON_BLOCKS = YES;
				GCC_WARN_64_TO_32_BIT_CONVERSION = YES;
				GCC_WARN_ABOUT_RETURN_TYPE = YES_ERROR;
				GCC_WARN_UNDECLARED_SELECTOR = YES;
				GCC_WARN_UNINITIALIZED_AUTOS = YES_AGGRESSIVE;
				GCC_WARN_UNUSED_FUNCTION = YES;
				GCC_WARN_UNUSED_VARIABLE = YES;
				IPHONEOS_DEPLOYMENT_TARGET = 17.2;
				LOCALIZATION_PREFERS_STRING_CATALOGS = YES;
				MTL_ENABLE_DEBUG_INFO = NO;
				MTL_FAST_MATH = YES;
				SDKROOT = iphoneos;
				SWIFT_COMPILATION_MODE = wholemodule;
				VALIDATE_PRODUCT = YES;
			};
			name = Release;
		};
		213218472B7BC1610027E828 /* Debug */ = {
			isa = XCBuildConfiguration;
			baseConfigurationReference = 4F11135C3603ACB980474C47 /* Pods-NeoTour.debug.xcconfig */;
			buildSettings = {
				ASSETCATALOG_COMPILER_APPICON_NAME = AppIcon;
				ASSETCATALOG_COMPILER_GLOBAL_ACCENT_COLOR_NAME = AccentColor;
				CODE_SIGN_STYLE = Automatic;
				CURRENT_PROJECT_VERSION = 1;
				ENABLE_USER_SCRIPT_SANDBOXING = NO;
				GENERATE_INFOPLIST_FILE = YES;
				INFOPLIST_FILE = NeoTour/Resources/Info.plist;
				INFOPLIST_KEY_UIApplicationSupportsIndirectInputEvents = YES;
				INFOPLIST_KEY_UILaunchStoryboardName = LaunchScreen;
				INFOPLIST_KEY_UISupportedInterfaceOrientations_iPad = "UIInterfaceOrientationPortrait UIInterfaceOrientationPortraitUpsideDown UIInterfaceOrientationLandscapeLeft UIInterfaceOrientationLandscapeRight";
				INFOPLIST_KEY_UISupportedInterfaceOrientations_iPhone = "UIInterfaceOrientationPortrait UIInterfaceOrientationLandscapeLeft UIInterfaceOrientationLandscapeRight";
				LD_RUNPATH_SEARCH_PATHS = (
					"$(inherited)",
					"@executable_path/Frameworks",
				);
				MARKETING_VERSION = 1.0;
				PRODUCT_BUNDLE_IDENTIFIER = MyProject.NeoTour;
				PRODUCT_NAME = "$(TARGET_NAME)";
				SWIFT_EMIT_LOC_STRINGS = YES;
				SWIFT_VERSION = 5.0;
				TARGETED_DEVICE_FAMILY = "1,2";
			};
			name = Debug;
		};
		213218482B7BC1610027E828 /* Release */ = {
			isa = XCBuildConfiguration;
			baseConfigurationReference = D11763E5D97D13189F67E7A7 /* Pods-NeoTour.release.xcconfig */;
			buildSettings = {
				ASSETCATALOG_COMPILER_APPICON_NAME = AppIcon;
				ASSETCATALOG_COMPILER_GLOBAL_ACCENT_COLOR_NAME = AccentColor;
				CODE_SIGN_STYLE = Automatic;
				CURRENT_PROJECT_VERSION = 1;
				ENABLE_USER_SCRIPT_SANDBOXING = NO;
				GENERATE_INFOPLIST_FILE = YES;
				INFOPLIST_FILE = NeoTour/Resources/Info.plist;
				INFOPLIST_KEY_UIApplicationSupportsIndirectInputEvents = YES;
				INFOPLIST_KEY_UILaunchStoryboardName = LaunchScreen;
				INFOPLIST_KEY_UISupportedInterfaceOrientations_iPad = "UIInterfaceOrientationPortrait UIInterfaceOrientationPortraitUpsideDown UIInterfaceOrientationLandscapeLeft UIInterfaceOrientationLandscapeRight";
				INFOPLIST_KEY_UISupportedInterfaceOrientations_iPhone = "UIInterfaceOrientationPortrait UIInterfaceOrientationLandscapeLeft UIInterfaceOrientationLandscapeRight";
				LD_RUNPATH_SEARCH_PATHS = (
					"$(inherited)",
					"@executable_path/Frameworks",
				);
				MARKETING_VERSION = 1.0;
				PRODUCT_BUNDLE_IDENTIFIER = MyProject.NeoTour;
				PRODUCT_NAME = "$(TARGET_NAME)";
				SWIFT_EMIT_LOC_STRINGS = YES;
				SWIFT_VERSION = 5.0;
				TARGETED_DEVICE_FAMILY = "1,2";
			};
			name = Release;
		};
/* End XCBuildConfiguration section */

/* Begin XCConfigurationList section */
		2132182D2B7BC15F0027E828 /* Build configuration list for PBXProject "NeoTour" */ = {
			isa = XCConfigurationList;
			buildConfigurations = (
				213218442B7BC1610027E828 /* Debug */,
				213218452B7BC1610027E828 /* Release */,
			);
			defaultConfigurationIsVisible = 0;
			defaultConfigurationName = Release;
		};
		213218462B7BC1610027E828 /* Build configuration list for PBXNativeTarget "NeoTour" */ = {
			isa = XCConfigurationList;
			buildConfigurations = (
				213218472B7BC1610027E828 /* Debug */,
				213218482B7BC1610027E828 /* Release */,
			);
			defaultConfigurationIsVisible = 0;
			defaultConfigurationName = Release;
		};
/* End XCConfigurationList section */
	};
	rootObject = 2132182A2B7BC15F0027E828 /* Project object */;
}
